
Microsoft Visual Studio Solution File, Format Version 12.00
# Visual Studio Version 17
VisualStudioVersion = 17.2.32616.157
MinimumVisualStudioVersion = 10.0.40219.1
Project("{FAE04EC0-301F-11D3-BF4B-00C04F79EFBC}") = "Mobile_de_Casa", "Mobile_de_Casa.csproj", "{50693D1B-78A1-4325-B52E-9014D5571856}"
EndProject
Global
	GlobalSection(SolutionConfigurationPlatforms) = preSolution
		Debug|Any CPU = Debug|Any CPU
		Release|Any CPU = Release|Any CPU
	EndGlobalSection
	GlobalSection(ProjectConfigurationPlatforms) = postSolution
		{50693D1B-78A1-4325-B52E-9014D5571856}.Debug|Any CPU.ActiveCfg = Debug|Any CPU
		{50693D1B-78A1-4325-B52E-9014D5571856}.Debug|Any CPU.Build.0 = Debug|Any CPU
		{50693D1B-78A1-4325-B52E-9014D5571856}.Release|Any CPU.ActiveCfg = Release|Any CPU
		{50693D1B-78A1-4325-B52E-9014D5571856}.Release|Any CPU.Build.0 = Release|Any CPU
	EndGlobalSection
	GlobalSection(SolutionProperties) = preSolution
		HideSolutionNode = FALSE
	EndGlobalSection
	GlobalSection(ExtensibilityGlobals) = postSolution
		SolutionGuid = {2577D36A-7375-4199-BB4B-713CA5E6E22A}
	EndGlobalSection
EndGlobal
